
Microsoft Visual Studio Solution File, Format Version 12.00
# Visual Studio 15
VisualStudioVersion = 15.0.27130.2024
MinimumVisualStudioVersion = 10.0.40219.1
Project("{9A19103F-16F7-4668-BE54-9A1E7A4F7556}") = "DoAbstractFactory", "DoAbstractFactory\DoAbstractFactory.csproj", "{9FFA90DB-21A6-4DF2-A518-9BC9D06B23BD}"
EndProject
Project("{2150E333-8FDC-42A3-9474-1A3956D46DE8}") = "Creational", "Creational", "{9D1B65A9-2F63-4ED5-B41D-22E6C80359A0}"
EndProject
Project("{FAE04EC0-301F-11D3-BF4B-00C04F79EFBC}") = "DoFactoryMethod", "DoFactoryMethod\DoFactoryMethod.csproj", "{1D9C02F7-E90A-44A1-A087-68BB846E03D4}"
EndProject
Global
	GlobalSection(SolutionConfigurationPlatforms) = preSolution
		Debug|Any CPU = Debug|Any CPU
		Release|Any CPU = Release|Any CPU
	EndGlobalSection
	GlobalSection(ProjectConfigurationPlatforms) = postSolution
		{9FFA90DB-21A6-4DF2-A518-9BC9D06B23BD}.Debug|Any CPU.ActiveCfg = Debug|Any CPU
		{9FFA90DB-21A6-4DF2-A518-9BC9D06B23BD}.Debug|Any CPU.Build.0 = Debug|Any CPU
		{9FFA90DB-21A6-4DF2-A518-9BC9D06B23BD}.Release|Any CPU.ActiveCfg = Release|Any CPU
		{9FFA90DB-21A6-4DF2-A518-9BC9D06B23BD}.Release|Any CPU.Build.0 = Release|Any CPU
		{1D9C02F7-E90A-44A1-A087-68BB846E03D4}.Debug|Any CPU.ActiveCfg = Debug|Any CPU
		{1D9C02F7-E90A-44A1-A087-68BB846E03D4}.Debug|Any CPU.Build.0 = Debug|Any CPU
		{1D9C02F7-E90A-44A1-A087-68BB846E03D4}.Release|Any CPU.ActiveCfg = Release|Any CPU
		{1D9C02F7-E90A-44A1-A087-68BB846E03D4}.Release|Any CPU.Build.0 = Release|Any CPU
	EndGlobalSection
	GlobalSection(SolutionProperties) = preSolution
		HideSolutionNode = FALSE
	EndGlobalSection
	GlobalSection(NestedProjects) = preSolution
		{9FFA90DB-21A6-4DF2-A518-9BC9D06B23BD} = {9D1B65A9-2F63-4ED5-B41D-22E6C80359A0}
		{1D9C02F7-E90A-44A1-A087-68BB846E03D4} = {9D1B65A9-2F63-4ED5-B41D-22E6C80359A0}
	EndGlobalSection
	GlobalSection(ExtensibilityGlobals) = postSolution
		SolutionGuid = {27CAB5F2-C2A7-4700-9848-59C6DE63D6FF}
	EndGlobalSection
EndGlobal
