
Microsoft Visual Studio Solution File, Format Version 12.00
# Visual Studio Version 16
VisualStudioVersion = 16.0.29609.76
MinimumVisualStudioVersion = 10.0.40219.1
Project("{9A19103F-16F7-4668-BE54-9A1E7A4F7556}") = "DoAbstractFactory", "DoAbstractFactory\DoAbstractFactory.csproj", "{9FFA90DB-21A6-4DF2-A518-9BC9D06B23BD}"
EndProject
Project("{2150E333-8FDC-42A3-9474-1A3956D46DE8}") = "Creational", "Creational", "{9D1B65A9-2F63-4ED5-B41D-22E6C80359A0}"
EndProject
Project("{9A19103F-16F7-4668-BE54-9A1E7A4F7556}") = "DoFactoryMethod", "DoFactoryMethod\DoFactoryMethod.csproj", "{1D9C02F7-E90A-44A1-A087-68BB846E03D4}"
EndProject
Project("{9A19103F-16F7-4668-BE54-9A1E7A4F7556}") = "DoBuilder", "DoBuilder\DoBuilder.csproj", "{D520133F-83F3-4886-AF54-D2FF6C6EE910}"
EndProject
Project("{9A19103F-16F7-4668-BE54-9A1E7A4F7556}") = "DoPrototype", "DoPrototype\DoPrototype.csproj", "{42BD4446-A247-45D3-8AFC-662B59009DC6}"
EndProject
Project("{9A19103F-16F7-4668-BE54-9A1E7A4F7556}") = "DoSingleton", "DoSingleton\DoSingleton.csproj", "{95AB4518-AE31-4EB9-B8F2-9E35D4F5A9C5}"
EndProject
Project("{2150E333-8FDC-42A3-9474-1A3956D46DE8}") = "Structural", "Structural", "{1E00408F-8EB1-47B2-AC80-08880E43BD2D}"
EndProject
Project("{9A19103F-16F7-4668-BE54-9A1E7A4F7556}") = "DoAdapter", "DoAdapter\DoAdapter.csproj", "{61AD6C10-0D7E-4D0A-BC6D-99AFAFBDDCC8}"
EndProject
Project("{9A19103F-16F7-4668-BE54-9A1E7A4F7556}") = "DoFacade", "DoFacade\DoFacade.csproj", "{51E1ABF7-05FA-482B-AF91-E6362CCC4A2C}"
EndProject
Project("{9A19103F-16F7-4668-BE54-9A1E7A4F7556}") = "DoBridge", "DoBridge\DoBridge.csproj", "{8C25FB92-D04B-4C67-BB12-9C5DB9B90733}"
EndProject
Project("{9A19103F-16F7-4668-BE54-9A1E7A4F7556}") = "DoProxy", "DoProxy\DoProxy.csproj", "{446ABE51-AAA0-43FE-A742-A3E2151554F2}"
EndProject
Project("{9A19103F-16F7-4668-BE54-9A1E7A4F7556}") = "DoDecorator", "DoDecorator\DoDecorator.csproj", "{70E59092-22D6-4F1F-BBBF-C83F8E38B58F}"
EndProject
Project("{9A19103F-16F7-4668-BE54-9A1E7A4F7556}") = "DoFluentBuilder", "DoFluentBuilder\DoFluentBuilder.csproj", "{694AF15E-71A4-4735-BF27-C4260B1B101F}"
EndProject
Project("{2150E333-8FDC-42A3-9474-1A3956D46DE8}") = "Builder", "Builder", "{7450A93B-4B9D-4AFF-82F6-C3575C6573A8}"
EndProject
Project("{9A19103F-16F7-4668-BE54-9A1E7A4F7556}") = "DoFunctionalBuilder", "DoFunctionalBuilder\DoFunctionalBuilder.csproj", "{B2A52E2B-89BD-4AE6-8CA6-ADFB8DD1C1F1}"
EndProject
Project("{9A19103F-16F7-4668-BE54-9A1E7A4F7556}") = "DoFacatedBuilder", "DoFacatedBuilder\DoFacatedBuilder.csproj", "{58BA2F23-26DD-4D18-82E5-08BD0D5CAFBD}"
EndProject
Project("{FAE04EC0-301F-11D3-BF4B-00C04F79EFBC}") = "DoBuilderCodeSnippetExample", "DoBuilderCodeSnippetExample\DoBuilderCodeSnippetExample.csproj", "{B322AC1A-E39A-407E-80FA-1BC622A04FB1}"
EndProject
Global
	GlobalSection(SolutionConfigurationPlatforms) = preSolution
		Debug|Any CPU = Debug|Any CPU
		Release|Any CPU = Release|Any CPU
	EndGlobalSection
	GlobalSection(ProjectConfigurationPlatforms) = postSolution
		{9FFA90DB-21A6-4DF2-A518-9BC9D06B23BD}.Debug|Any CPU.ActiveCfg = Debug|Any CPU
		{9FFA90DB-21A6-4DF2-A518-9BC9D06B23BD}.Debug|Any CPU.Build.0 = Debug|Any CPU
		{9FFA90DB-21A6-4DF2-A518-9BC9D06B23BD}.Release|Any CPU.ActiveCfg = Release|Any CPU
		{9FFA90DB-21A6-4DF2-A518-9BC9D06B23BD}.Release|Any CPU.Build.0 = Release|Any CPU
		{1D9C02F7-E90A-44A1-A087-68BB846E03D4}.Debug|Any CPU.ActiveCfg = Debug|Any CPU
		{1D9C02F7-E90A-44A1-A087-68BB846E03D4}.Debug|Any CPU.Build.0 = Debug|Any CPU
		{1D9C02F7-E90A-44A1-A087-68BB846E03D4}.Release|Any CPU.ActiveCfg = Release|Any CPU
		{1D9C02F7-E90A-44A1-A087-68BB846E03D4}.Release|Any CPU.Build.0 = Release|Any CPU
		{D520133F-83F3-4886-AF54-D2FF6C6EE910}.Debug|Any CPU.ActiveCfg = Debug|Any CPU
		{D520133F-83F3-4886-AF54-D2FF6C6EE910}.Debug|Any CPU.Build.0 = Debug|Any CPU
		{D520133F-83F3-4886-AF54-D2FF6C6EE910}.Release|Any CPU.ActiveCfg = Release|Any CPU
		{D520133F-83F3-4886-AF54-D2FF6C6EE910}.Release|Any CPU.Build.0 = Release|Any CPU
		{42BD4446-A247-45D3-8AFC-662B59009DC6}.Debug|Any CPU.ActiveCfg = Debug|Any CPU
		{42BD4446-A247-45D3-8AFC-662B59009DC6}.Debug|Any CPU.Build.0 = Debug|Any CPU
		{42BD4446-A247-45D3-8AFC-662B59009DC6}.Release|Any CPU.ActiveCfg = Release|Any CPU
		{42BD4446-A247-45D3-8AFC-662B59009DC6}.Release|Any CPU.Build.0 = Release|Any CPU
		{95AB4518-AE31-4EB9-B8F2-9E35D4F5A9C5}.Debug|Any CPU.ActiveCfg = Debug|Any CPU
		{95AB4518-AE31-4EB9-B8F2-9E35D4F5A9C5}.Debug|Any CPU.Build.0 = Debug|Any CPU
		{95AB4518-AE31-4EB9-B8F2-9E35D4F5A9C5}.Release|Any CPU.ActiveCfg = Release|Any CPU
		{95AB4518-AE31-4EB9-B8F2-9E35D4F5A9C5}.Release|Any CPU.Build.0 = Release|Any CPU
		{61AD6C10-0D7E-4D0A-BC6D-99AFAFBDDCC8}.Debug|Any CPU.ActiveCfg = Debug|Any CPU
		{61AD6C10-0D7E-4D0A-BC6D-99AFAFBDDCC8}.Debug|Any CPU.Build.0 = Debug|Any CPU
		{61AD6C10-0D7E-4D0A-BC6D-99AFAFBDDCC8}.Release|Any CPU.ActiveCfg = Release|Any CPU
		{61AD6C10-0D7E-4D0A-BC6D-99AFAFBDDCC8}.Release|Any CPU.Build.0 = Release|Any CPU
		{51E1ABF7-05FA-482B-AF91-E6362CCC4A2C}.Debug|Any CPU.ActiveCfg = Debug|Any CPU
		{51E1ABF7-05FA-482B-AF91-E6362CCC4A2C}.Debug|Any CPU.Build.0 = Debug|Any CPU
		{51E1ABF7-05FA-482B-AF91-E6362CCC4A2C}.Release|Any CPU.ActiveCfg = Release|Any CPU
		{51E1ABF7-05FA-482B-AF91-E6362CCC4A2C}.Release|Any CPU.Build.0 = Release|Any CPU
		{8C25FB92-D04B-4C67-BB12-9C5DB9B90733}.Debug|Any CPU.ActiveCfg = Debug|Any CPU
		{8C25FB92-D04B-4C67-BB12-9C5DB9B90733}.Debug|Any CPU.Build.0 = Debug|Any CPU
		{8C25FB92-D04B-4C67-BB12-9C5DB9B90733}.Release|Any CPU.ActiveCfg = Release|Any CPU
		{8C25FB92-D04B-4C67-BB12-9C5DB9B90733}.Release|Any CPU.Build.0 = Release|Any CPU
		{446ABE51-AAA0-43FE-A742-A3E2151554F2}.Debug|Any CPU.ActiveCfg = Debug|Any CPU
		{446ABE51-AAA0-43FE-A742-A3E2151554F2}.Debug|Any CPU.Build.0 = Debug|Any CPU
		{446ABE51-AAA0-43FE-A742-A3E2151554F2}.Release|Any CPU.ActiveCfg = Release|Any CPU
		{446ABE51-AAA0-43FE-A742-A3E2151554F2}.Release|Any CPU.Build.0 = Release|Any CPU
		{70E59092-22D6-4F1F-BBBF-C83F8E38B58F}.Debug|Any CPU.ActiveCfg = Debug|Any CPU
		{70E59092-22D6-4F1F-BBBF-C83F8E38B58F}.Debug|Any CPU.Build.0 = Debug|Any CPU
		{70E59092-22D6-4F1F-BBBF-C83F8E38B58F}.Release|Any CPU.ActiveCfg = Release|Any CPU
		{70E59092-22D6-4F1F-BBBF-C83F8E38B58F}.Release|Any CPU.Build.0 = Release|Any CPU
		{694AF15E-71A4-4735-BF27-C4260B1B101F}.Debug|Any CPU.ActiveCfg = Debug|Any CPU
		{694AF15E-71A4-4735-BF27-C4260B1B101F}.Debug|Any CPU.Build.0 = Debug|Any CPU
		{694AF15E-71A4-4735-BF27-C4260B1B101F}.Release|Any CPU.ActiveCfg = Release|Any CPU
		{694AF15E-71A4-4735-BF27-C4260B1B101F}.Release|Any CPU.Build.0 = Release|Any CPU
		{B2A52E2B-89BD-4AE6-8CA6-ADFB8DD1C1F1}.Debug|Any CPU.ActiveCfg = Debug|Any CPU
		{B2A52E2B-89BD-4AE6-8CA6-ADFB8DD1C1F1}.Debug|Any CPU.Build.0 = Debug|Any CPU
		{B2A52E2B-89BD-4AE6-8CA6-ADFB8DD1C1F1}.Release|Any CPU.ActiveCfg = Release|Any CPU
		{B2A52E2B-89BD-4AE6-8CA6-ADFB8DD1C1F1}.Release|Any CPU.Build.0 = Release|Any CPU
		{58BA2F23-26DD-4D18-82E5-08BD0D5CAFBD}.Debug|Any CPU.ActiveCfg = Debug|Any CPU
		{58BA2F23-26DD-4D18-82E5-08BD0D5CAFBD}.Debug|Any CPU.Build.0 = Debug|Any CPU
		{58BA2F23-26DD-4D18-82E5-08BD0D5CAFBD}.Release|Any CPU.ActiveCfg = Release|Any CPU
		{58BA2F23-26DD-4D18-82E5-08BD0D5CAFBD}.Release|Any CPU.Build.0 = Release|Any CPU
		{B322AC1A-E39A-407E-80FA-1BC622A04FB1}.Debug|Any CPU.ActiveCfg = Debug|Any CPU
		{B322AC1A-E39A-407E-80FA-1BC622A04FB1}.Debug|Any CPU.Build.0 = Debug|Any CPU
		{B322AC1A-E39A-407E-80FA-1BC622A04FB1}.Release|Any CPU.ActiveCfg = Release|Any CPU
		{B322AC1A-E39A-407E-80FA-1BC622A04FB1}.Release|Any CPU.Build.0 = Release|Any CPU
	EndGlobalSection
	GlobalSection(SolutionProperties) = preSolution
		HideSolutionNode = FALSE
	EndGlobalSection
	GlobalSection(NestedProjects) = preSolution
		{9FFA90DB-21A6-4DF2-A518-9BC9D06B23BD} = {9D1B65A9-2F63-4ED5-B41D-22E6C80359A0}
		{1D9C02F7-E90A-44A1-A087-68BB846E03D4} = {9D1B65A9-2F63-4ED5-B41D-22E6C80359A0}
		{D520133F-83F3-4886-AF54-D2FF6C6EE910} = {7450A93B-4B9D-4AFF-82F6-C3575C6573A8}
		{42BD4446-A247-45D3-8AFC-662B59009DC6} = {9D1B65A9-2F63-4ED5-B41D-22E6C80359A0}
		{95AB4518-AE31-4EB9-B8F2-9E35D4F5A9C5} = {9D1B65A9-2F63-4ED5-B41D-22E6C80359A0}
		{61AD6C10-0D7E-4D0A-BC6D-99AFAFBDDCC8} = {1E00408F-8EB1-47B2-AC80-08880E43BD2D}
		{51E1ABF7-05FA-482B-AF91-E6362CCC4A2C} = {1E00408F-8EB1-47B2-AC80-08880E43BD2D}
		{8C25FB92-D04B-4C67-BB12-9C5DB9B90733} = {1E00408F-8EB1-47B2-AC80-08880E43BD2D}
		{446ABE51-AAA0-43FE-A742-A3E2151554F2} = {1E00408F-8EB1-47B2-AC80-08880E43BD2D}
		{70E59092-22D6-4F1F-BBBF-C83F8E38B58F} = {1E00408F-8EB1-47B2-AC80-08880E43BD2D}
		{694AF15E-71A4-4735-BF27-C4260B1B101F} = {7450A93B-4B9D-4AFF-82F6-C3575C6573A8}
		{7450A93B-4B9D-4AFF-82F6-C3575C6573A8} = {9D1B65A9-2F63-4ED5-B41D-22E6C80359A0}
		{B2A52E2B-89BD-4AE6-8CA6-ADFB8DD1C1F1} = {7450A93B-4B9D-4AFF-82F6-C3575C6573A8}
		{58BA2F23-26DD-4D18-82E5-08BD0D5CAFBD} = {7450A93B-4B9D-4AFF-82F6-C3575C6573A8}
		{B322AC1A-E39A-407E-80FA-1BC622A04FB1} = {7450A93B-4B9D-4AFF-82F6-C3575C6573A8}
	EndGlobalSection
	GlobalSection(ExtensibilityGlobals) = postSolution
		SolutionGuid = {27CAB5F2-C2A7-4700-9848-59C6DE63D6FF}
	EndGlobalSection
EndGlobal
